
Microsoft Visual Studio Solution File, Format Version 12.00
# Visual Studio Version 17
VisualStudioVersion = 17.1.32228.430
MinimumVisualStudioVersion = 10.0.40219.1
Project("{9A19103F-16F7-4668-BE54-9A1E7A4F7556}") = "Be3Test.Api", "src\Be3Test.Api\Be3Test.Api.csproj", "{CBFD72B3-6395-425A-9594-1969DB81D3AE}"
EndProject
Project("{9A19103F-16F7-4668-BE54-9A1E7A4F7556}") = "Be3Test.Domain", "src\Be3Test.Domain\Be3Test.Domain.csproj", "{9131317C-7F72-445C-BD5A-905702E58045}"
EndProject
Project("{9A19103F-16F7-4668-BE54-9A1E7A4F7556}") = "Be3Test.Infra", "src\Be3Test.Infra\Be3Test.Infra.csproj", "{F09C868E-3A01-4FB7-8CD3-754FFC984C01}"
EndProject
Project("{2150E333-8FDC-42A3-9474-1A3956D46DE8}") = "src", "src", "{08A2B015-F3F3-4A3D-95D5-E26E90919A61}"
EndProject
Project("{9A19103F-16F7-4668-BE54-9A1E7A4F7556}") = "Be3Test.Web", "src\Be3Test.Web\Be3Test.Web.csproj", "{32F0F740-43F8-47F5-A435-30FB7B3BC544}"
EndProject
Global
	GlobalSection(SolutionConfigurationPlatforms) = preSolution
		Debug|Any CPU = Debug|Any CPU
		Release|Any CPU = Release|Any CPU
	EndGlobalSection
	GlobalSection(ProjectConfigurationPlatforms) = postSolution
		{CBFD72B3-6395-425A-9594-1969DB81D3AE}.Debug|Any CPU.ActiveCfg = Debug|Any CPU
		{CBFD72B3-6395-425A-9594-1969DB81D3AE}.Debug|Any CPU.Build.0 = Debug|Any CPU
		{CBFD72B3-6395-425A-9594-1969DB81D3AE}.Release|Any CPU.ActiveCfg = Release|Any CPU
		{CBFD72B3-6395-425A-9594-1969DB81D3AE}.Release|Any CPU.Build.0 = Release|Any CPU
		{9131317C-7F72-445C-BD5A-905702E58045}.Debug|Any CPU.ActiveCfg = Debug|Any CPU
		{9131317C-7F72-445C-BD5A-905702E58045}.Debug|Any CPU.Build.0 = Debug|Any CPU
		{9131317C-7F72-445C-BD5A-905702E58045}.Release|Any CPU.ActiveCfg = Release|Any CPU
		{9131317C-7F72-445C-BD5A-905702E58045}.Release|Any CPU.Build.0 = Release|Any CPU
		{F09C868E-3A01-4FB7-8CD3-754FFC984C01}.Debug|Any CPU.ActiveCfg = Debug|Any CPU
		{F09C868E-3A01-4FB7-8CD3-754FFC984C01}.Debug|Any CPU.Build.0 = Debug|Any CPU
		{F09C868E-3A01-4FB7-8CD3-754FFC984C01}.Release|Any CPU.ActiveCfg = Release|Any CPU
		{F09C868E-3A01-4FB7-8CD3-754FFC984C01}.Release|Any CPU.Build.0 = Release|Any CPU
		{32F0F740-43F8-47F5-A435-30FB7B3BC544}.Debug|Any CPU.ActiveCfg = Debug|Any CPU
		{32F0F740-43F8-47F5-A435-30FB7B3BC544}.Debug|Any CPU.Build.0 = Debug|Any CPU
		{32F0F740-43F8-47F5-A435-30FB7B3BC544}.Release|Any CPU.ActiveCfg = Release|Any CPU
		{32F0F740-43F8-47F5-A435-30FB7B3BC544}.Release|Any CPU.Build.0 = Release|Any CPU
	EndGlobalSection
	GlobalSection(SolutionProperties) = preSolution
		HideSolutionNode = FALSE
	EndGlobalSection
	GlobalSection(NestedProjects) = preSolution
		{CBFD72B3-6395-425A-9594-1969DB81D3AE} = {08A2B015-F3F3-4A3D-95D5-E26E90919A61}
		{9131317C-7F72-445C-BD5A-905702E58045} = {08A2B015-F3F3-4A3D-95D5-E26E90919A61}
		{F09C868E-3A01-4FB7-8CD3-754FFC984C01} = {08A2B015-F3F3-4A3D-95D5-E26E90919A61}
		{32F0F740-43F8-47F5-A435-30FB7B3BC544} = {08A2B015-F3F3-4A3D-95D5-E26E90919A61}
	EndGlobalSection
	GlobalSection(ExtensibilityGlobals) = postSolution
		SolutionGuid = {7D5203F7-A3DD-4ED7-900D-9293BFB3D49D}
	EndGlobalSection
EndGlobal
